
Microsoft Visual Studio Solution File, Format Version 12.00
# Visual Studio 15
VisualStudioVersion = 15.0.27703.2042
MinimumVisualStudioVersion = 10.0.40219.1
Project("{FAE04EC0-301F-11D3-BF4B-00C04F79EFBC}") = "FestivalDashboardWebAPI", "FestivalDashboardWebAPI\FestivalDashboardWebAPI.csproj", "{B086AACC-9C06-43D6-AA8F-785DB8653B36}"
EndProject
Global
	GlobalSection(SolutionConfigurationPlatforms) = preSolution
		Debug|Any CPU = Debug|Any CPU
		Release|Any CPU = Release|Any CPU
	EndGlobalSection
	GlobalSection(ProjectConfigurationPlatforms) = postSolution
		{B086AACC-9C06-43D6-AA8F-785DB8653B36}.Debug|Any CPU.ActiveCfg = Debug|Any CPU
		{B086AACC-9C06-43D6-AA8F-785DB8653B36}.Debug|Any CPU.Build.0 = Debug|Any CPU
		{B086AACC-9C06-43D6-AA8F-785DB8653B36}.Release|Any CPU.ActiveCfg = Release|Any CPU
		{B086AACC-9C06-43D6-AA8F-785DB8653B36}.Release|Any CPU.Build.0 = Release|Any CPU
	EndGlobalSection
	GlobalSection(SolutionProperties) = preSolution
		HideSolutionNode = FALSE
	EndGlobalSection
	GlobalSection(ExtensibilityGlobals) = postSolution
		SolutionGuid = {884BD2D4-014C-48D6-860A-F86CB0E9C909}
	EndGlobalSection
EndGlobal
